
Microsoft Visual Studio Solution File, Format Version 12.00
# Visual Studio 14
VisualStudioVersion = 14.0.25420.1
MinimumVisualStudioVersion = 10.0.40219.1
Project("{FAE04EC0-301F-11D3-BF4B-00C04F79EFBC}") = "AzureBlob", "AzureBlob\AzureBlob.csproj", "{60B7C495-1CBB-4988-8E2E-7CAF026BDDF9}"
EndProject
Project("{FAE04EC0-301F-11D3-BF4B-00C04F79EFBC}") = "AzureHub", "AzureHub\AzureHub.csproj", "{B18B1AD8-3B4F-4326-A505-F57564AD4423}"
EndProject
Global
	GlobalSection(SolutionConfigurationPlatforms) = preSolution
		Debug|Any CPU = Debug|Any CPU
		Release|Any CPU = Release|Any CPU
	EndGlobalSection
	GlobalSection(ProjectConfigurationPlatforms) = postSolution
		{60B7C495-1CBB-4988-8E2E-7CAF026BDDF9}.Debug|Any CPU.ActiveCfg = Debug|Any CPU
		{60B7C495-1CBB-4988-8E2E-7CAF026BDDF9}.Debug|Any CPU.Build.0 = Debug|Any CPU
		{60B7C495-1CBB-4988-8E2E-7CAF026BDDF9}.Release|Any CPU.ActiveCfg = Release|Any CPU
		{60B7C495-1CBB-4988-8E2E-7CAF026BDDF9}.Release|Any CPU.Build.0 = Release|Any CPU
		{B18B1AD8-3B4F-4326-A505-F57564AD4423}.Debug|Any CPU.ActiveCfg = Debug|Any CPU
		{B18B1AD8-3B4F-4326-A505-F57564AD4423}.Debug|Any CPU.Build.0 = Debug|Any CPU
		{B18B1AD8-3B4F-4326-A505-F57564AD4423}.Release|Any CPU.ActiveCfg = Release|Any CPU
		{B18B1AD8-3B4F-4326-A505-F57564AD4423}.Release|Any CPU.Build.0 = Release|Any CPU
	EndGlobalSection
	GlobalSection(SolutionProperties) = preSolution
		HideSolutionNode = FALSE
	EndGlobalSection
	GlobalSection(ExtensibilityGlobals) = postSolution
		EnterpriseLibraryConfigurationToolBinariesPathV6 = packages\EnterpriseLibrary.TransientFaultHandling.6.0.1304.0\lib\portable-net45+win+wp8
	EndGlobalSection
EndGlobal
